// !$*UTF8*$!
{
	archiveVersion = 1;
	classes = {
	};
	objectVersion = 52;
	objects = {

/* Begin PBXBuildFile section */
		7DF206362518F3360055E584 /* AppDelegate.swift in Sources */ = {isa = PBXBuildFile; fileRef = 7DF206352518F3360055E584 /* AppDelegate.swift */; };
		7DF206382518F3360055E584 /* SceneDelegate.swift in Sources */ = {isa = PBXBuildFile; fileRef = 7DF206372518F3360055E584 /* SceneDelegate.swift */; };
		7DF2063A2518F3360055E584 /* ViewController.swift in Sources */ = {isa = PBXBuildFile; fileRef = 7DF206392518F3360055E584 /* ViewController.swift */; };
		7DF2063F2518F3380055E584 /* Assets.xcassets in Resources */ = {isa = PBXBuildFile; fileRef = 7DF2063E2518F3380055E584 /* Assets.xcassets */; };
		7DF206422518F3380055E584 /* LaunchScreen.storyboard in Resources */ = {isa = PBXBuildFile; fileRef = 7DF206402518F3380055E584 /* LaunchScreen.storyboard */; };
		7DF2064D2518F3380055E584 /* GithubUsersTests.swift in Sources */ = {isa = PBXBuildFile; fileRef = 7DF2064C2518F3380055E584 /* GithubUsersTests.swift */; };
		7DF206582518F3390055E584 /* GithubUsersUITests.swift in Sources */ = {isa = PBXBuildFile; fileRef = 7DF206572518F3390055E584 /* GithubUsersUITests.swift */; };
		7DF206A62519284B0055E584 /* ViewController.xib in Resources */ = {isa = PBXBuildFile; fileRef = 7DF206A52519284B0055E584 /* ViewController.xib */; };
		7DF206B2251937AD0055E584 /* SearchResult.swift in Sources */ = {isa = PBXBuildFile; fileRef = 7DF206B1251937AD0055E584 /* SearchResult.swift */; };
		7DF206BE251940C90055E584 /* SearchService.swift in Sources */ = {isa = PBXBuildFile; fileRef = 7DF206BD251940C90055E584 /* SearchService.swift */; };
		7DF206DD2519E08D0055E584 /* ListTableViewCell.swift in Sources */ = {isa = PBXBuildFile; fileRef = 7DF206DB2519E08D0055E584 /* ListTableViewCell.swift */; };
		7DF206DE2519E08D0055E584 /* ListTableViewCell.xib in Resources */ = {isa = PBXBuildFile; fileRef = 7DF206DC2519E08D0055E584 /* ListTableViewCell.xib */; };
		7DF206E72519E1780055E584 /* ListTableViewController.swift in Sources */ = {isa = PBXBuildFile; fileRef = 7DF206E52519E1780055E584 /* ListTableViewController.swift */; };
		7DF206E82519E1780055E584 /* ListTableViewController.xib in Resources */ = {isa = PBXBuildFile; fileRef = 7DF206E62519E1780055E584 /* ListTableViewController.xib */; };
		7DF2076C251A43460055E584 /* SearchResultTests.swift in Sources */ = {isa = PBXBuildFile; fileRef = 7DF2076B251A43460055E584 /* SearchResultTests.swift */; };
		7DF20771251A44C70055E584 /* searchResultSuccess.json in Resources */ = {isa = PBXBuildFile; fileRef = 7DF20770251A44C70055E584 /* searchResultSuccess.json */; };
		7DF20777251A47620055E584 /* searchResultError.json in Resources */ = {isa = PBXBuildFile; fileRef = 7DF20776251A47620055E584 /* searchResultError.json */; };
		7DF20787251A6A310055E584 /* Lottie in Frameworks */ = {isa = PBXBuildFile; productRef = 7DF20786251A6A310055E584 /* Lottie */; };
		7DF2078D251A6AD50055E584 /* loading.json in Resources */ = {isa = PBXBuildFile; fileRef = 7DF2078C251A6AD50055E584 /* loading.json */; };
		7DF20796251A7F7C0055E584 /* SDWebImage in Frameworks */ = {isa = PBXBuildFile; productRef = 7DF20795251A7F7C0055E584 /* SDWebImage */; };
		7DF2079C251A87090055E584 /* DetailViewController.swift in Sources */ = {isa = PBXBuildFile; fileRef = 7DF2079A251A87090055E584 /* DetailViewController.swift */; };
		7DF2079D251A87090055E584 /* DetailViewController.xib in Resources */ = {isa = PBXBuildFile; fileRef = 7DF2079B251A87090055E584 /* DetailViewController.xib */; };
		7DF20858251BC3A30055E584 /* SearchServiceTests.swift in Sources */ = {isa = PBXBuildFile; fileRef = 7DF20857251BC3A30055E584 /* SearchServiceTests.swift */; };
		7DF20860251BD7AF0055E584 /* followersResult.json in Resources */ = {isa = PBXBuildFile; fileRef = 7DF2085F251BD7AF0055E584 /* followersResult.json */; };
/* End PBXBuildFile section */

/* Begin PBXContainerItemProxy section */
		7DF206492518F3380055E584 /* PBXContainerItemProxy */ = {
			isa = PBXContainerItemProxy;
			containerPortal = 7DF2062A2518F3360055E584 /* Project object */;
			proxyType = 1;
			remoteGlobalIDString = 7DF206312518F3360055E584;
			remoteInfo = GithubUsers;
		};
		7DF206542518F3390055E584 /* PBXContainerItemProxy */ = {
			isa = PBXContainerItemProxy;
			containerPortal = 7DF2062A2518F3360055E584 /* Project object */;
			proxyType = 1;
			remoteGlobalIDString = 7DF206312518F3360055E584;
			remoteInfo = GithubUsers;
		};
/* End PBXContainerItemProxy section */

/* Begin PBXFileReference section */
		7DF206322518F3360055E584 /* GithubUsers.app */ = {isa = PBXFileReference; explicitFileType = wrapper.application; includeInIndex = 0; path = GithubUsers.app; sourceTree = BUILT_PRODUCTS_DIR; };
		7DF206352518F3360055E584 /* AppDelegate.swift */ = {isa = PBXFileReference; lastKnownFileType = sourcecode.swift; path = AppDelegate.swift; sourceTree = "<group>"; };
		7DF206372518F3360055E584 /* SceneDelegate.swift */ = {isa = PBXFileReference; lastKnownFileType = sourcecode.swift; path = SceneDelegate.swift; sourceTree = "<group>"; };
		7DF206392518F3360055E584 /* ViewController.swift */ = {isa = PBXFileReference; lastKnownFileType = sourcecode.swift; path = ViewController.swift; sourceTree = "<group>"; };
		7DF2063E2518F3380055E584 /* Assets.xcassets */ = {isa = PBXFileReference; lastKnownFileType = folder.assetcatalog; path = Assets.xcassets; sourceTree = "<group>"; };
		7DF206412518F3380055E584 /* Base */ = {isa = PBXFileReference; lastKnownFileType = file.storyboard; name = Base; path = Base.lproj/LaunchScreen.storyboard; sourceTree = "<group>"; };
		7DF206432518F3380055E584 /* Info.plist */ = {isa = PBXFileReference; lastKnownFileType = text.plist.xml; path = Info.plist; sourceTree = "<group>"; };
		7DF206482518F3380055E584 /* GithubUsersTests.xctest */ = {isa = PBXFileReference; explicitFileType = wrapper.cfbundle; includeInIndex = 0; path = GithubUsersTests.xctest; sourceTree = BUILT_PRODUCTS_DIR; };
		7DF2064C2518F3380055E584 /* GithubUsersTests.swift */ = {isa = PBXFileReference; lastKnownFileType = sourcecode.swift; path = GithubUsersTests.swift; sourceTree = "<group>"; };
		7DF2064E2518F3380055E584 /* Info.plist */ = {isa = PBXFileReference; lastKnownFileType = text.plist.xml; path = Info.plist; sourceTree = "<group>"; };
		7DF206532518F3390055E584 /* GithubUsersUITests.xctest */ = {isa = PBXFileReference; explicitFileType = wrapper.cfbundle; includeInIndex = 0; path = GithubUsersUITests.xctest; sourceTree = BUILT_PRODUCTS_DIR; };
		7DF206572518F3390055E584 /* GithubUsersUITests.swift */ = {isa = PBXFileReference; lastKnownFileType = sourcecode.swift; path = GithubUsersUITests.swift; sourceTree = "<group>"; };
		7DF206592518F3390055E584 /* Info.plist */ = {isa = PBXFileReference; lastKnownFileType = text.plist.xml; path = Info.plist; sourceTree = "<group>"; };
		7DF206A52519284B0055E584 /* ViewController.xib */ = {isa = PBXFileReference; lastKnownFileType = file.xib; path = ViewController.xib; sourceTree = "<group>"; };
		7DF206B1251937AD0055E584 /* SearchResult.swift */ = {isa = PBXFileReference; lastKnownFileType = sourcecode.swift; path = SearchResult.swift; sourceTree = "<group>"; };
		7DF206BD251940C90055E584 /* SearchService.swift */ = {isa = PBXFileReference; lastKnownFileType = sourcecode.swift; path = SearchService.swift; sourceTree = "<group>"; };
		7DF206DB2519E08D0055E584 /* ListTableViewCell.swift */ = {isa = PBXFileReference; lastKnownFileType = sourcecode.swift; path = ListTableViewCell.swift; sourceTree = "<group>"; };
		7DF206DC2519E08D0055E584 /* ListTableViewCell.xib */ = {isa = PBXFileReference; lastKnownFileType = file.xib; path = ListTableViewCell.xib; sourceTree = "<group>"; };
		7DF206E52519E1780055E584 /* ListTableViewController.swift */ = {isa = PBXFileReference; lastKnownFileType = sourcecode.swift; path = ListTableViewController.swift; sourceTree = "<group>"; };
		7DF206E62519E1780055E584 /* ListTableViewController.xib */ = {isa = PBXFileReference; lastKnownFileType = file.xib; path = ListTableViewController.xib; sourceTree = "<group>"; };
		7DF2076B251A43460055E584 /* SearchResultTests.swift */ = {isa = PBXFileReference; lastKnownFileType = sourcecode.swift; path = SearchResultTests.swift; sourceTree = "<group>"; };
		7DF20770251A44C70055E584 /* searchResultSuccess.json */ = {isa = PBXFileReference; lastKnownFileType = text.json; path = searchResultSuccess.json; sourceTree = "<group>"; };
		7DF20776251A47620055E584 /* searchResultError.json */ = {isa = PBXFileReference; lastKnownFileType = text.json; path = searchResultError.json; sourceTree = "<group>"; };
		7DF2078C251A6AD50055E584 /* loading.json */ = {isa = PBXFileReference; fileEncoding = 4; lastKnownFileType = text.json; path = loading.json; sourceTree = "<group>"; };
		7DF2079A251A87090055E584 /* DetailViewController.swift */ = {isa = PBXFileReference; lastKnownFileType = sourcecode.swift; path = DetailViewController.swift; sourceTree = "<group>"; };
		7DF2079B251A87090055E584 /* DetailViewController.xib */ = {isa = PBXFileReference; lastKnownFileType = file.xib; path = DetailViewController.xib; sourceTree = "<group>"; };
		7DF20857251BC3A30055E584 /* SearchServiceTests.swift */ = {isa = PBXFileReference; lastKnownFileType = sourcecode.swift; path = SearchServiceTests.swift; sourceTree = "<group>"; };
		7DF2085F251BD7AF0055E584 /* followersResult.json */ = {isa = PBXFileReference; lastKnownFileType = text.json; path = followersResult.json; sourceTree = "<group>"; };
/* End PBXFileReference section */

/* Begin PBXFrameworksBuildPhase section */
		7DF2062F2518F3360055E584 /* Frameworks */ = {
			isa = PBXFrameworksBuildPhase;
			buildActionMask = 2147483647;
			files = (
				7DF20796251A7F7C0055E584 /* SDWebImage in Frameworks */,
				7DF20787251A6A310055E584 /* Lottie in Frameworks */,
			);
			runOnlyForDeploymentPostprocessing = 0;
		};
		7DF206452518F3380055E584 /* Frameworks */ = {
			isa = PBXFrameworksBuildPhase;
			buildActionMask = 2147483647;
			files = (
			);
			runOnlyForDeploymentPostprocessing = 0;
		};
		7DF206502518F3390055E584 /* Frameworks */ = {
			isa = PBXFrameworksBuildPhase;
			buildActionMask = 2147483647;
			files = (
			);
			runOnlyForDeploymentPostprocessing = 0;
		};
/* End PBXFrameworksBuildPhase section */

/* Begin PBXGroup section */
		7DF206292518F3360055E584 = {
			isa = PBXGroup;
			children = (
				7DF206342518F3360055E584 /* GithubUsers */,
				7DF2064B2518F3380055E584 /* GithubUsersTests */,
				7DF206562518F3390055E584 /* GithubUsersUITests */,
				7DF206332518F3360055E584 /* Products */,
			);
			sourceTree = "<group>";
		};
		7DF206332518F3360055E584 /* Products */ = {
			isa = PBXGroup;
			children = (
				7DF206322518F3360055E584 /* GithubUsers.app */,
				7DF206482518F3380055E584 /* GithubUsersTests.xctest */,
				7DF206532518F3390055E584 /* GithubUsersUITests.xctest */,
			);
			name = Products;
			sourceTree = "<group>";
		};
		7DF206342518F3360055E584 /* GithubUsers */ = {
			isa = PBXGroup;
			children = (
				7DF2078B251A6AC30055E584 /* resources */,
				7DF206C82519DFB80055E584 /* info-views */,
				7DF206BC251940B60055E584 /* services */,
				7DF206B02519372D0055E584 /* models */,
				7DF206352518F3360055E584 /* AppDelegate.swift */,
				7DF206372518F3360055E584 /* SceneDelegate.swift */,
				7DF206392518F3360055E584 /* ViewController.swift */,
				7DF206A52519284B0055E584 /* ViewController.xib */,
				7DF2063E2518F3380055E584 /* Assets.xcassets */,
				7DF206402518F3380055E584 /* LaunchScreen.storyboard */,
				7DF206432518F3380055E584 /* Info.plist */,
			);
			path = GithubUsers;
			sourceTree = "<group>";
		};
		7DF2064B2518F3380055E584 /* GithubUsersTests */ = {
			isa = PBXGroup;
			children = (
				7DF20856251BC38B0055E584 /* services */,
				7DF20781251A54940055E584 /* resources */,
				7DF20775251A473B0055E584 /* models */,
				7DF2064C2518F3380055E584 /* GithubUsersTests.swift */,
				7DF2064E2518F3380055E584 /* Info.plist */,
			);
			path = GithubUsersTests;
			sourceTree = "<group>";
		};
		7DF206562518F3390055E584 /* GithubUsersUITests */ = {
			isa = PBXGroup;
			children = (
				7DF206572518F3390055E584 /* GithubUsersUITests.swift */,
				7DF206592518F3390055E584 /* Info.plist */,
			);
			path = GithubUsersUITests;
			sourceTree = "<group>";
		};
		7DF206B02519372D0055E584 /* models */ = {
			isa = PBXGroup;
			children = (
				7DF206B1251937AD0055E584 /* SearchResult.swift */,
			);
			path = models;
			sourceTree = "<group>";
		};
		7DF206BC251940B60055E584 /* services */ = {
			isa = PBXGroup;
			children = (
				7DF206BD251940C90055E584 /* SearchService.swift */,
			);
			path = services;
			sourceTree = "<group>";
		};
		7DF206C82519DFB80055E584 /* info-views */ = {
			isa = PBXGroup;
			children = (
				7DF206DB2519E08D0055E584 /* ListTableViewCell.swift */,
				7DF206DC2519E08D0055E584 /* ListTableViewCell.xib */,
				7DF206E52519E1780055E584 /* ListTableViewController.swift */,
				7DF206E62519E1780055E584 /* ListTableViewController.xib */,
				7DF2079A251A87090055E584 /* DetailViewController.swift */,
				7DF2079B251A87090055E584 /* DetailViewController.xib */,
			);
			path = "info-views";
			sourceTree = "<group>";
		};
		7DF20775251A473B0055E584 /* models */ = {
			isa = PBXGroup;
			children = (
				7DF2076B251A43460055E584 /* SearchResultTests.swift */,
			);
			path = models;
			sourceTree = "<group>";
		};
		7DF20781251A54940055E584 /* resources */ = {
			isa = PBXGroup;
			children = (
				7DF20770251A44C70055E584 /* searchResultSuccess.json */,
				7DF20776251A47620055E584 /* searchResultError.json */,
				7DF2085F251BD7AF0055E584 /* followersResult.json */,
			);
			path = resources;
			sourceTree = "<group>";
		};
		7DF2078B251A6AC30055E584 /* resources */ = {
			isa = PBXGroup;
			children = (
				7DF2078C251A6AD50055E584 /* loading.json */,
			);
			path = resources;
			sourceTree = "<group>";
		};
		7DF20856251BC38B0055E584 /* services */ = {
			isa = PBXGroup;
			children = (
				7DF20857251BC3A30055E584 /* SearchServiceTests.swift */,
			);
			path = services;
			sourceTree = "<group>";
		};
/* End PBXGroup section */

/* Begin PBXNativeTarget section */
		7DF206312518F3360055E584 /* GithubUsers */ = {
			isa = PBXNativeTarget;
			buildConfigurationList = 7DF2065C2518F3390055E584 /* Build configuration list for PBXNativeTarget "GithubUsers" */;
			buildPhases = (
				7DF2062E2518F3360055E584 /* Sources */,
				7DF2062F2518F3360055E584 /* Frameworks */,
				7DF206302518F3360055E584 /* Resources */,
			);
			buildRules = (
			);
			dependencies = (
			);
			name = GithubUsers;
			packageProductDependencies = (
				7DF20786251A6A310055E584 /* Lottie */,
				7DF20795251A7F7C0055E584 /* SDWebImage */,
			);
			productName = GithubUsers;
			productReference = 7DF206322518F3360055E584 /* GithubUsers.app */;
			productType = "com.apple.product-type.application";
		};
		7DF206472518F3380055E584 /* GithubUsersTests */ = {
			isa = PBXNativeTarget;
			buildConfigurationList = 7DF2065F2518F3390055E584 /* Build configuration list for PBXNativeTarget "GithubUsersTests" */;
			buildPhases = (
				7DF206442518F3380055E584 /* Sources */,
				7DF206452518F3380055E584 /* Frameworks */,
				7DF206462518F3380055E584 /* Resources */,
			);
			buildRules = (
			);
			dependencies = (
				7DF2064A2518F3380055E584 /* PBXTargetDependency */,
			);
			name = GithubUsersTests;
			productName = GithubUsersTests;
			productReference = 7DF206482518F3380055E584 /* GithubUsersTests.xctest */;
			productType = "com.apple.product-type.bundle.unit-test";
		};
		7DF206522518F3390055E584 /* GithubUsersUITests */ = {
			isa = PBXNativeTarget;
			buildConfigurationList = 7DF206622518F3390055E584 /* Build configuration list for PBXNativeTarget "GithubUsersUITests" */;
			buildPhases = (
				7DF2064F2518F3390055E584 /* Sources */,
				7DF206502518F3390055E584 /* Frameworks */,
				7DF206512518F3390055E584 /* Resources */,
			);
			buildRules = (
			);
			dependencies = (
				7DF206552518F3390055E584 /* PBXTargetDependency */,
			);
			name = GithubUsersUITests;
			productName = GithubUsersUITests;
			productReference = 7DF206532518F3390055E584 /* GithubUsersUITests.xctest */;
			productType = "com.apple.product-type.bundle.ui-testing";
		};
/* End PBXNativeTarget section */

/* Begin PBXProject section */
		7DF2062A2518F3360055E584 /* Project object */ = {
			isa = PBXProject;
			attributes = {
				LastSwiftUpdateCheck = 1200;
				LastUpgradeCheck = 1200;
				TargetAttributes = {
					7DF206312518F3360055E584 = {
						CreatedOnToolsVersion = 12.0;
					};
					7DF206472518F3380055E584 = {
						CreatedOnToolsVersion = 12.0;
						TestTargetID = 7DF206312518F3360055E584;
					};
					7DF206522518F3390055E584 = {
						CreatedOnToolsVersion = 12.0;
						TestTargetID = 7DF206312518F3360055E584;
					};
				};
			};
			buildConfigurationList = 7DF2062D2518F3360055E584 /* Build configuration list for PBXProject "GithubUsers" */;
			compatibilityVersion = "Xcode 9.3";
			developmentRegion = en;
			hasScannedForEncodings = 0;
			knownRegions = (
				en,
				Base,
			);
			mainGroup = 7DF206292518F3360055E584;
			packageReferences = (
				7DF20785251A6A300055E584 /* XCRemoteSwiftPackageReference "lottie-ios" */,
				7DF20794251A7F7C0055E584 /* XCRemoteSwiftPackageReference "SDWebImage" */,
			);
			productRefGroup = 7DF206332518F3360055E584 /* Products */;
			projectDirPath = "";
			projectRoot = "";
			targets = (
				7DF206312518F3360055E584 /* GithubUsers */,
				7DF206472518F3380055E584 /* GithubUsersTests */,
				7DF206522518F3390055E584 /* GithubUsersUITests */,
			);
		};
/* End PBXProject section */

/* Begin PBXResourcesBuildPhase section */
		7DF206302518F3360055E584 /* Resources */ = {
			isa = PBXResourcesBuildPhase;
			buildActionMask = 2147483647;
			files = (
				7DF206E82519E1780055E584 /* ListTableViewController.xib in Resources */,
				7DF206422518F3380055E584 /* LaunchScreen.storyboard in Resources */,
				7DF2079D251A87090055E584 /* DetailViewController.xib in Resources */,
				7DF2078D251A6AD50055E584 /* loading.json in Resources */,
				7DF206A62519284B0055E584 /* ViewController.xib in Resources */,
				7DF2063F2518F3380055E584 /* Assets.xcassets in Resources */,
				7DF206DE2519E08D0055E584 /* ListTableViewCell.xib in Resources */,
			);
			runOnlyForDeploymentPostprocessing = 0;
		};
		7DF206462518F3380055E584 /* Resources */ = {
			isa = PBXResourcesBuildPhase;
			buildActionMask = 2147483647;
			files = (
				7DF20860251BD7AF0055E584 /* followersResult.json in Resources */,
				7DF20771251A44C70055E584 /* searchResultSuccess.json in Resources */,
				7DF20777251A47620055E584 /* searchResultError.json in Resources */,
			);
			runOnlyForDeploymentPostprocessing = 0;
		};
		7DF206512518F3390055E584 /* Resources */ = {
			isa = PBXResourcesBuildPhase;
			buildActionMask = 2147483647;
			files = (
			);
			runOnlyForDeploymentPostprocessing = 0;
		};
/* End PBXResourcesBuildPhase section */

/* Begin PBXSourcesBuildPhase section */
		7DF2062E2518F3360055E584 /* Sources */ = {
			isa = PBXSourcesBuildPhase;
			buildActionMask = 2147483647;
			files = (
				7DF206DD2519E08D0055E584 /* ListTableViewCell.swift in Sources */,
				7DF206B2251937AD0055E584 /* SearchResult.swift in Sources */,
				7DF2063A2518F3360055E584 /* ViewController.swift in Sources */,
				7DF206BE251940C90055E584 /* SearchService.swift in Sources */,
				7DF206362518F3360055E584 /* AppDelegate.swift in Sources */,
				7DF206382518F3360055E584 /* SceneDelegate.swift in Sources */,
				7DF206E72519E1780055E584 /* ListTableViewController.swift in Sources */,
				7DF2079C251A87090055E584 /* DetailViewController.swift in Sources */,
			);
			runOnlyForDeploymentPostprocessing = 0;
		};
		7DF206442518F3380055E584 /* Sources */ = {
			isa = PBXSourcesBuildPhase;
			buildActionMask = 2147483647;
			files = (
				7DF20858251BC3A30055E584 /* SearchServiceTests.swift in Sources */,
				7DF2076C251A43460055E584 /* SearchResultTests.swift in Sources */,
				7DF2064D2518F3380055E584 /* GithubUsersTests.swift in Sources */,
			);
			runOnlyForDeploymentPostprocessing = 0;
		};
		7DF2064F2518F3390055E584 /* Sources */ = {
			isa = PBXSourcesBuildPhase;
			buildActionMask = 2147483647;
			files = (
				7DF206582518F3390055E584 /* GithubUsersUITests.swift in Sources */,
			);
			runOnlyForDeploymentPostprocessing = 0;
		};
/* End PBXSourcesBuildPhase section */

/* Begin PBXTargetDependency section */
		7DF2064A2518F3380055E584 /* PBXTargetDependency */ = {
			isa = PBXTargetDependency;
			target = 7DF206312518F3360055E584 /* GithubUsers */;
			targetProxy = 7DF206492518F3380055E584 /* PBXContainerItemProxy */;
		};
		7DF206552518F3390055E584 /* PBXTargetDependency */ = {
			isa = PBXTargetDependency;
			target = 7DF206312518F3360055E584 /* GithubUsers */;
			targetProxy = 7DF206542518F3390055E584 /* PBXContainerItemProxy */;
		};
/* End PBXTargetDependency section */

/* Begin PBXVariantGroup section */
		7DF206402518F3380055E584 /* LaunchScreen.storyboard */ = {
			isa = PBXVariantGroup;
			children = (
				7DF206412518F3380055E584 /* Base */,
			);
			name = LaunchScreen.storyboard;
			sourceTree = "<group>";
		};
/* End PBXVariantGroup section */

/* Begin XCBuildConfiguration section */
		7DF2065A2518F3390055E584 /* Debug */ = {
			isa = XCBuildConfiguration;
			buildSettings = {
				ALWAYS_SEARCH_USER_PATHS = NO;
				CLANG_ANALYZER_NONNULL = YES;
				CLANG_ANALYZER_NUMBER_OBJECT_CONVERSION = YES_AGGRESSIVE;
				CLANG_CXX_LANGUAGE_STANDARD = "gnu++14";
				CLANG_CXX_LIBRARY = "libc++";
				CLANG_ENABLE_MODULES = YES;
				CLANG_ENABLE_OBJC_ARC = YES;
				CLANG_ENABLE_OBJC_WEAK = YES;
				CLANG_WARN_BLOCK_CAPTURE_AUTORELEASING = YES;
				CLANG_WARN_BOOL_CONVERSION = YES;
				CLANG_WARN_COMMA = YES;
				CLANG_WARN_CONSTANT_CONVERSION = YES;
				CLANG_WARN_DEPRECATED_OBJC_IMPLEMENTATIONS = YES;
				CLANG_WARN_DIRECT_OBJC_ISA_USAGE = YES_ERROR;
				CLANG_WARN_DOCUMENTATION_COMMENTS = YES;
				CLANG_WARN_EMPTY_BODY = YES;
				CLANG_WARN_ENUM_CONVERSION = YES;
				CLANG_WARN_INFINITE_RECURSION = YES;
				CLANG_WARN_INT_CONVERSION = YES;
				CLANG_WARN_NON_LITERAL_NULL_CONVERSION = YES;
				CLANG_WARN_OBJC_IMPLICIT_RETAIN_SELF = YES;
				CLANG_WARN_OBJC_LITERAL_CONVERSION = YES;
				CLANG_WARN_OBJC_ROOT_CLASS = YES_ERROR;
				CLANG_WARN_QUOTED_INCLUDE_IN_FRAMEWORK_HEADER = YES;
				CLANG_WARN_RANGE_LOOP_ANALYSIS = YES;
				CLANG_WARN_STRICT_PROTOTYPES = YES;
				CLANG_WARN_SUSPICIOUS_MOVE = YES;
				CLANG_WARN_UNGUARDED_AVAILABILITY = YES_AGGRESSIVE;
				CLANG_WARN_UNREACHABLE_CODE = YES;
				CLANG_WARN__DUPLICATE_METHOD_MATCH = YES;
				COPY_PHASE_STRIP = NO;
				DEAD_CODE_STRIPPING = NO;
				DEBUG_INFORMATION_FORMAT = dwarf;
				ENABLE_STRICT_OBJC_MSGSEND = YES;
				ENABLE_TESTABILITY = YES;
				GCC_C_LANGUAGE_STANDARD = gnu11;
				GCC_DYNAMIC_NO_PIC = NO;
				GCC_NO_COMMON_BLOCKS = YES;
				GCC_OPTIMIZATION_LEVEL = 0;
				GCC_PREPROCESSOR_DEFINITIONS = (
					"DEBUG=1",
					"$(inherited)",
				);
				GCC_WARN_64_TO_32_BIT_CONVERSION = YES;
				GCC_WARN_ABOUT_RETURN_TYPE = YES_ERROR;
				GCC_WARN_UNDECLARED_SELECTOR = YES;
				GCC_WARN_UNINITIALIZED_AUTOS = YES_AGGRESSIVE;
				GCC_WARN_UNUSED_FUNCTION = YES;
				GCC_WARN_UNUSED_VARIABLE = YES;
				IPHONEOS_DEPLOYMENT_TARGET = 14.0;
				MTL_ENABLE_DEBUG_INFO = INCLUDE_SOURCE;
				MTL_FAST_MATH = YES;
				ONLY_ACTIVE_ARCH = YES;
				SDKROOT = iphoneos;
				SWIFT_ACTIVE_COMPILATION_CONDITIONS = DEBUG;
				SWIFT_OPTIMIZATION_LEVEL = "-Onone";
			};
			name = Debug;
		};
		7DF2065B2518F3390055E584 /* Release */ = {
			isa = XCBuildConfiguration;
			buildSettings = {
				ALWAYS_SEARCH_USER_PATHS = NO;
				CLANG_ANALYZER_NONNULL = YES;
				CLANG_ANALYZER_NUMBER_OBJECT_CONVERSION = YES_AGGRESSIVE;
				CLANG_CXX_LANGUAGE_STANDARD = "gnu++14";
				CLANG_CXX_LIBRARY = "libc++";
				CLANG_ENABLE_MODULES = YES;
				CLANG_ENABLE_OBJC_ARC = YES;
				CLANG_ENABLE_OBJC_WEAK = YES;
				CLANG_WARN_BLOCK_CAPTURE_AUTORELEASING = YES;
				CLANG_WARN_BOOL_CONVERSION = YES;
				CLANG_WARN_COMMA = YES;
				CLANG_WARN_CONSTANT_CONVERSION = YES;
				CLANG_WARN_DEPRECATED_OBJC_IMPLEMENTATIONS = YES;
				CLANG_WARN_DIRECT_OBJC_ISA_USAGE = YES_ERROR;
				CLANG_WARN_DOCUMENTATION_COMMENTS = YES;
				CLANG_WARN_EMPTY_BODY = YES;
				CLANG_WARN_ENUM_CONVERSION = YES;
				CLANG_WARN_INFINITE_RECURSION = YES;
				CLANG_WARN_INT_CONVERSION = YES;
				CLANG_WARN_NON_LITERAL_NULL_CONVERSION = YES;
				CLANG_WARN_OBJC_IMPLICIT_RETAIN_SELF = YES;
				CLANG_WARN_OBJC_LITERAL_CONVERSION = YES;
				CLANG_WARN_OBJC_ROOT_CLASS = YES_ERROR;
				CLANG_WARN_QUOTED_INCLUDE_IN_FRAMEWORK_HEADER = YES;
				CLANG_WARN_RANGE_LOOP_ANALYSIS = YES;
				CLANG_WARN_STRICT_PROTOTYPES = YES;
				CLANG_WARN_SUSPICIOUS_MOVE = YES;
				CLANG_WARN_UNGUARDED_AVAILABILITY = YES_AGGRESSIVE;
				CLANG_WARN_UNREACHABLE_CODE = YES;
				CLANG_WARN__DUPLICATE_METHOD_MATCH = YES;
				COPY_PHASE_STRIP = NO;
				DEAD_CODE_STRIPPING = NO;
				DEBUG_INFORMATION_FORMAT = "dwarf-with-dsym";
				ENABLE_NS_ASSERTIONS = NO;
				ENABLE_STRICT_OBJC_MSGSEND = YES;
				GCC_C_LANGUAGE_STANDARD = gnu11;
				GCC_NO_COMMON_BLOCKS = YES;
				GCC_WARN_64_TO_32_BIT_CONVERSION = YES;
				GCC_WARN_ABOUT_RETURN_TYPE = YES_ERROR;
				GCC_WARN_UNDECLARED_SELECTOR = YES;
				GCC_WARN_UNINITIALIZED_AUTOS = YES_AGGRESSIVE;
				GCC_WARN_UNUSED_FUNCTION = YES;
				GCC_WARN_UNUSED_VARIABLE = YES;
				IPHONEOS_DEPLOYMENT_TARGET = 14.0;
				MTL_ENABLE_DEBUG_INFO = NO;
				MTL_FAST_MATH = YES;
				SDKROOT = iphoneos;
				SWIFT_COMPILATION_MODE = wholemodule;
				SWIFT_OPTIMIZATION_LEVEL = "-O";
				VALIDATE_PRODUCT = YES;
			};
			name = Release;
		};
		7DF2065D2518F3390055E584 /* Debug */ = {
			isa = XCBuildConfiguration;
			buildSettings = {
				ASSETCATALOG_COMPILER_APPICON_NAME = AppIcon;
				ASSETCATALOG_COMPILER_GLOBAL_ACCENT_COLOR_NAME = AccentColor;
				CODE_SIGN_STYLE = Automatic;
				DEVELOPMENT_TEAM = 28AZTPMH2T;
				INFOPLIST_FILE = GithubUsers/Info.plist;
				LD_RUNPATH_SEARCH_PATHS = (
					"$(inherited)",
					"@executable_path/Frameworks",
				);
				PRODUCT_BUNDLE_IDENTIFIER = com.evanmasterson.GithubUsers;
				PRODUCT_NAME = "$(TARGET_NAME)";
				SWIFT_VERSION = 5.0;
				TARGETED_DEVICE_FAMILY = "1,2";
			};
			name = Debug;
		};
		7DF2065E2518F3390055E584 /* Release */ = {
			isa = XCBuildConfiguration;
			buildSettings = {
				ASSETCATALOG_COMPILER_APPICON_NAME = AppIcon;
				ASSETCATALOG_COMPILER_GLOBAL_ACCENT_COLOR_NAME = AccentColor;
				CODE_SIGN_STYLE = Automatic;
				DEVELOPMENT_TEAM = 28AZTPMH2T;
				INFOPLIST_FILE = GithubUsers/Info.plist;
				LD_RUNPATH_SEARCH_PATHS = (
					"$(inherited)",
					"@executable_path/Frameworks",
				);
				PRODUCT_BUNDLE_IDENTIFIER = com.evanmasterson.GithubUsers;
				PRODUCT_NAME = "$(TARGET_NAME)";
				SWIFT_VERSION = 5.0;
				TARGETED_DEVICE_FAMILY = "1,2";
			};
			name = Release;
		};
		7DF206602518F3390055E584 /* Debug */ = {
			isa = XCBuildConfiguration;
			buildSettings = {
				ALWAYS_EMBED_SWIFT_STANDARD_LIBRARIES = YES;
				BUNDLE_LOADER = "$(TEST_HOST)";
				CODE_SIGN_STYLE = Automatic;
				DEVELOPMENT_TEAM = 28AZTPMH2T;
				INFOPLIST_FILE = GithubUsersTests/Info.plist;
				IPHONEOS_DEPLOYMENT_TARGET = 14.0;
				LD_RUNPATH_SEARCH_PATHS = (
					"$(inherited)",
					"@executable_path/Frameworks",
					"@loader_path/Frameworks",
				);
				PRODUCT_BUNDLE_IDENTIFIER = com.evanmasterson.GithubUsersTests;
				PRODUCT_NAME = "$(TARGET_NAME)";
				SWIFT_VERSION = 5.0;
				TARGETED_DEVICE_FAMILY = "1,2";
				TEST_HOST = "$(BUILT_PRODUCTS_DIR)/GithubUsers.app/GithubUsers";
			};
			name = Debug;
		};
		7DF206612518F3390055E584 /* Release */ = {
			isa = XCBuildConfiguration;
			buildSettings = {
				ALWAYS_EMBED_SWIFT_STANDARD_LIBRARIES = YES;
				BUNDLE_LOADER = "$(TEST_HOST)";
				CODE_SIGN_STYLE = Automatic;
				DEVELOPMENT_TEAM = 28AZTPMH2T;
				INFOPLIST_FILE = GithubUsersTests/Info.plist;
				IPHONEOS_DEPLOYMENT_TARGET = 14.0;
				LD_RUNPATH_SEARCH_PATHS = (
					"$(inherited)",
					"@executable_path/Frameworks",
					"@loader_path/Frameworks",
				);
				PRODUCT_BUNDLE_IDENTIFIER = com.evanmasterson.GithubUsersTests;
				PRODUCT_NAME = "$(TARGET_NAME)";
				SWIFT_VERSION = 5.0;
				TARGETED_DEVICE_FAMILY = "1,2";
				TEST_HOST = "$(BUILT_PRODUCTS_DIR)/GithubUsers.app/GithubUsers";
			};
			name = Release;
		};
		7DF206632518F3390055E584 /* Debug */ = {
			isa = XCBuildConfiguration;
			buildSettings = {
				ALWAYS_EMBED_SWIFT_STANDARD_LIBRARIES = YES;
				CODE_SIGN_STYLE = Automatic;
				DEVELOPMENT_TEAM = 28AZTPMH2T;
				INFOPLIST_FILE = GithubUsersUITests/Info.plist;
				LD_RUNPATH_SEARCH_PATHS = (
					"$(inherited)",
					"@executable_path/Frameworks",
					"@loader_path/Frameworks",
				);
				PRODUCT_BUNDLE_IDENTIFIER = com.evanmasterson.GithubUsersUITests;
				PRODUCT_NAME = "$(TARGET_NAME)";
				SWIFT_VERSION = 5.0;
				TARGETED_DEVICE_FAMILY = "1,2";
				TEST_TARGET_NAME = GithubUsers;
			};
			name = Debug;
		};
		7DF206642518F3390055E584 /* Release */ = {
			isa = XCBuildConfiguration;
			buildSettings = {
				ALWAYS_EMBED_SWIFT_STANDARD_LIBRARIES = YES;
				CODE_SIGN_STYLE = Automatic;
				DEVELOPMENT_TEAM = 28AZTPMH2T;
				INFOPLIST_FILE = GithubUsersUITests/Info.plist;
				LD_RUNPATH_SEARCH_PATHS = (
					"$(inherited)",
					"@executable_path/Frameworks",
					"@loader_path/Frameworks",
				);
				PRODUCT_BUNDLE_IDENTIFIER = com.evanmasterson.GithubUsersUITests;
				PRODUCT_NAME = "$(TARGET_NAME)";
				SWIFT_VERSION = 5.0;
				TARGETED_DEVICE_FAMILY = "1,2";
				TEST_TARGET_NAME = GithubUsers;
			};
			name = Release;
		};
/* End XCBuildConfiguration section */

/* Begin XCConfigurationList section */
		7DF2062D2518F3360055E584 /* Build configuration list for PBXProject "GithubUsers" */ = {
			isa = XCConfigurationList;
			buildConfigurations = (
				7DF2065A2518F3390055E584 /* Debug */,
				7DF2065B2518F3390055E584 /* Release */,
			);
			defaultConfigurationIsVisible = 0;
			defaultConfigurationName = Release;
		};
		7DF2065C2518F3390055E584 /* Build configuration list for PBXNativeTarget "GithubUsers" */ = {
			isa = XCConfigurationList;
			buildConfigurations = (
				7DF2065D2518F3390055E584 /* Debug */,
				7DF2065E2518F3390055E584 /* Release */,
			);
			defaultConfigurationIsVisible = 0;
			defaultConfigurationName = Release;
		};
		7DF2065F2518F3390055E584 /* Build configuration list for PBXNativeTarget "GithubUsersTests" */ = {
			isa = XCConfigurationList;
			buildConfigurations = (
				7DF206602518F3390055E584 /* Debug */,
				7DF206612518F3390055E584 /* Release */,
			);
			defaultConfigurationIsVisible = 0;
			defaultConfigurationName = Release;
		};
		7DF206622518F3390055E584 /* Build configuration list for PBXNativeTarget "GithubUsersUITests" */ = {
			isa = XCConfigurationList;
			buildConfigurations = (
				7DF206632518F3390055E584 /* Debug */,
				7DF206642518F3390055E584 /* Release */,
			);
			defaultConfigurationIsVisible = 0;
			defaultConfigurationName = Release;
		};
/* End XCConfigurationList section */

/* Begin XCRemoteSwiftPackageReference section */
		7DF20785251A6A300055E584 /* XCRemoteSwiftPackageReference "lottie-ios" */ = {
			isa = XCRemoteSwiftPackageReference;
			repositoryURL = "https://github.com/airbnb/lottie-ios";
			requirement = {
				kind = upToNextMajorVersion;
				minimumVersion = 3.1.8;
			};
		};
		7DF20794251A7F7C0055E584 /* XCRemoteSwiftPackageReference "SDWebImage" */ = {
			isa = XCRemoteSwiftPackageReference;
			repositoryURL = "https://github.com/SDWebImage/SDWebImage";
			requirement = {
				kind = upToNextMajorVersion;
				minimumVersion = 5.9.1;
			};
		};
/* End XCRemoteSwiftPackageReference section */

/* Begin XCSwiftPackageProductDependency section */
		7DF20786251A6A310055E584 /* Lottie */ = {
			isa = XCSwiftPackageProductDependency;
			package = 7DF20785251A6A300055E584 /* XCRemoteSwiftPackageReference "lottie-ios" */;
			productName = Lottie;
		};
		7DF20795251A7F7C0055E584 /* SDWebImage */ = {
			isa = XCSwiftPackageProductDependency;
			package = 7DF20794251A7F7C0055E584 /* XCRemoteSwiftPackageReference "SDWebImage" */;
			productName = SDWebImage;
		};
/* End XCSwiftPackageProductDependency section */
	};
	rootObject = 7DF2062A2518F3360055E584 /* Project object */;
}
